
Microsoft Visual Studio Solution File, Format Version 12.00
# Visual Studio 15
VisualStudioVersion = 15.0.28010.2016
MinimumVisualStudioVersion = 10.0.40219.1
Project("{2150E333-8FDC-42A3-9474-1A3956D46DE8}") = "Module", "Module", "{82454653-83E7-4496-86E0-86984BC81D0D}"
EndProject
Project("{2150E333-8FDC-42A3-9474-1A3956D46DE8}") = "Unit", "Unit", "{094088E1-D726-4B56-BE5D-841F890001C6}"
EndProject
Project("{FAE04EC0-301F-11D3-BF4B-00C04F79EFBC}") = "Repository", "Repository\Repository.csproj", "{776EAF04-61CB-4693-8F5E-A8E3673E2EE1}"
EndProject
Project("{FAE04EC0-301F-11D3-BF4B-00C04F79EFBC}") = "Service", "Service\Service.csproj", "{FE3192CB-E3C1-4589-BD70-034B9C414FF0}"
EndProject
Project("{FAE04EC0-301F-11D3-BF4B-00C04F79EFBC}") = "Support", "Support\Support.csproj", "{66A59C4B-A50C-49A2-982E-FC0EE9F371E6}"
EndProject
Project("{FAE04EC0-301F-11D3-BF4B-00C04F79EFBC}") = "UnitTestProject", "UnitTestProject1\UnitTestProject.csproj", "{DBEBEE55-EFA6-4186-84E3-204DDF6F5BD4}"
EndProject
Project("{FAE04EC0-301F-11D3-BF4B-00C04F79EFBC}") = "Web", "Web\Web.csproj", "{892100E4-75DF-469D-AF56-CB861232A6A9}"
EndProject
Project("{2150E333-8FDC-42A3-9474-1A3956D46DE8}") = "Ionic", "Ionic", "{E6CF4BCC-9847-4AD8-BAA8-2CE18FE83E8C}"
EndProject
Project("{262852C6-CD72-467D-83FE-5EEB1973A190}") = "mobile", "mobile\mobile.jsproj", "{01594C15-B011-41D7-B839-42B4B6817FF8}"
EndProject
Project("{2150E333-8FDC-42A3-9474-1A3956D46DE8}") = "WindowServices", "WindowServices", "{78D18ACB-84D4-40B6-B658-EF10BD68AB80}"
EndProject
Project("{FAE04EC0-301F-11D3-BF4B-00C04F79EFBC}") = "UpdateInfo", "UpdateInfo\UpdateInfo.csproj", "{B68B4BA1-2A1D-41CA-906D-14B258FC467A}"
EndProject
Project("{FAE04EC0-301F-11D3-BF4B-00C04F79EFBC}") = "UpdateBulletin", "UpdateBulletin\UpdateBulletin.csproj", "{391B8C8A-B6A2-4DB8-8E0A-F4FE9C249E0D}"
EndProject
Global
	GlobalSection(SolutionConfigurationPlatforms) = preSolution
		Debug|Android = Debug|Android
		Debug|Any CPU = Debug|Any CPU
		Debug|ARM = Debug|ARM
		Debug|ARM64 = Debug|ARM64
		Debug|iOS = Debug|iOS
		Debug|Windows-ARM = Debug|Windows-ARM
		Debug|Windows-x64 = Debug|Windows-x64
		Debug|Windows-x86 = Debug|Windows-x86
		Debug|x64 = Debug|x64
		Debug|x86 = Debug|x86
		Release|Android = Release|Android
		Release|Any CPU = Release|Any CPU
		Release|ARM = Release|ARM
		Release|ARM64 = Release|ARM64
		Release|iOS = Release|iOS
		Release|Windows-ARM = Release|Windows-ARM
		Release|Windows-x64 = Release|Windows-x64
		Release|Windows-x86 = Release|Windows-x86
		Release|x64 = Release|x64
		Release|x86 = Release|x86
	EndGlobalSection
	GlobalSection(ProjectConfigurationPlatforms) = postSolution
		{776EAF04-61CB-4693-8F5E-A8E3673E2EE1}.Debug|Android.ActiveCfg = Debug|Any CPU
		{776EAF04-61CB-4693-8F5E-A8E3673E2EE1}.Debug|Android.Build.0 = Debug|Any CPU
		{776EAF04-61CB-4693-8F5E-A8E3673E2EE1}.Debug|Any CPU.ActiveCfg = Debug|Any CPU
		{776EAF04-61CB-4693-8F5E-A8E3673E2EE1}.Debug|Any CPU.Build.0 = Debug|Any CPU
		{776EAF04-61CB-4693-8F5E-A8E3673E2EE1}.Debug|ARM.ActiveCfg = Debug|Any CPU
		{776EAF04-61CB-4693-8F5E-A8E3673E2EE1}.Debug|ARM.Build.0 = Debug|Any CPU
		{776EAF04-61CB-4693-8F5E-A8E3673E2EE1}.Debug|ARM64.ActiveCfg = Debug|Any CPU
		{776EAF04-61CB-4693-8F5E-A8E3673E2EE1}.Debug|ARM64.Build.0 = Debug|Any CPU
		{776EAF04-61CB-4693-8F5E-A8E3673E2EE1}.Debug|iOS.ActiveCfg = Debug|Any CPU
		{776EAF04-61CB-4693-8F5E-A8E3673E2EE1}.Debug|iOS.Build.0 = Debug|Any CPU
		{776EAF04-61CB-4693-8F5E-A8E3673E2EE1}.Debug|Windows-ARM.ActiveCfg = Debug|Any CPU
		{776EAF04-61CB-4693-8F5E-A8E3673E2EE1}.Debug|Windows-ARM.Build.0 = Debug|Any CPU
		{776EAF04-61CB-4693-8F5E-A8E3673E2EE1}.Debug|Windows-x64.ActiveCfg = Debug|Any CPU
		{776EAF04-61CB-4693-8F5E-A8E3673E2EE1}.Debug|Windows-x64.Build.0 = Debug|Any CPU
		{776EAF04-61CB-4693-8F5E-A8E3673E2EE1}.Debug|Windows-x86.ActiveCfg = Debug|Any CPU
		{776EAF04-61CB-4693-8F5E-A8E3673E2EE1}.Debug|Windows-x86.Build.0 = Debug|Any CPU
		{776EAF04-61CB-4693-8F5E-A8E3673E2EE1}.Debug|x64.ActiveCfg = Debug|Any CPU
		{776EAF04-61CB-4693-8F5E-A8E3673E2EE1}.Debug|x64.Build.0 = Debug|Any CPU
		{776EAF04-61CB-4693-8F5E-A8E3673E2EE1}.Debug|x86.ActiveCfg = Debug|Any CPU
		{776EAF04-61CB-4693-8F5E-A8E3673E2EE1}.Debug|x86.Build.0 = Debug|Any CPU
		{776EAF04-61CB-4693-8F5E-A8E3673E2EE1}.Release|Android.ActiveCfg = Release|Any CPU
		{776EAF04-61CB-4693-8F5E-A8E3673E2EE1}.Release|Android.Build.0 = Release|Any CPU
		{776EAF04-61CB-4693-8F5E-A8E3673E2EE1}.Release|Any CPU.ActiveCfg = Debug|Any CPU
		{776EAF04-61CB-4693-8F5E-A8E3673E2EE1}.Release|Any CPU.Build.0 = Debug|Any CPU
		{776EAF04-61CB-4693-8F5E-A8E3673E2EE1}.Release|ARM.ActiveCfg = Release|Any CPU
		{776EAF04-61CB-4693-8F5E-A8E3673E2EE1}.Release|ARM.Build.0 = Release|Any CPU
		{776EAF04-61CB-4693-8F5E-A8E3673E2EE1}.Release|ARM64.ActiveCfg = Release|Any CPU
		{776EAF04-61CB-4693-8F5E-A8E3673E2EE1}.Release|ARM64.Build.0 = Release|Any CPU
		{776EAF04-61CB-4693-8F5E-A8E3673E2EE1}.Release|iOS.ActiveCfg = Release|Any CPU
		{776EAF04-61CB-4693-8F5E-A8E3673E2EE1}.Release|iOS.Build.0 = Release|Any CPU
		{776EAF04-61CB-4693-8F5E-A8E3673E2EE1}.Release|Windows-ARM.ActiveCfg = Release|Any CPU
		{776EAF04-61CB-4693-8F5E-A8E3673E2EE1}.Release|Windows-ARM.Build.0 = Release|Any CPU
		{776EAF04-61CB-4693-8F5E-A8E3673E2EE1}.Release|Windows-x64.ActiveCfg = Release|Any CPU
		{776EAF04-61CB-4693-8F5E-A8E3673E2EE1}.Release|Windows-x64.Build.0 = Release|Any CPU
		{776EAF04-61CB-4693-8F5E-A8E3673E2EE1}.Release|Windows-x86.ActiveCfg = Release|Any CPU
		{776EAF04-61CB-4693-8F5E-A8E3673E2EE1}.Release|Windows-x86.Build.0 = Release|Any CPU
		{776EAF04-61CB-4693-8F5E-A8E3673E2EE1}.Release|x64.ActiveCfg = Release|Any CPU
		{776EAF04-61CB-4693-8F5E-A8E3673E2EE1}.Release|x64.Build.0 = Release|Any CPU
		{776EAF04-61CB-4693-8F5E-A8E3673E2EE1}.Release|x86.ActiveCfg = Release|Any CPU
		{776EAF04-61CB-4693-8F5E-A8E3673E2EE1}.Release|x86.Build.0 = Release|Any CPU
		{FE3192CB-E3C1-4589-BD70-034B9C414FF0}.Debug|Android.ActiveCfg = Debug|Any CPU
		{FE3192CB-E3C1-4589-BD70-034B9C414FF0}.Debug|Android.Build.0 = Debug|Any CPU
		{FE3192CB-E3C1-4589-BD70-034B9C414FF0}.Debug|Any CPU.ActiveCfg = Debug|Any CPU
		{FE3192CB-E3C1-4589-BD70-034B9C414FF0}.Debug|Any CPU.Build.0 = Debug|Any CPU
		{FE3192CB-E3C1-4589-BD70-034B9C414FF0}.Debug|ARM.ActiveCfg = Debug|Any CPU
		{FE3192CB-E3C1-4589-BD70-034B9C414FF0}.Debug|ARM.Build.0 = Debug|Any CPU
		{FE3192CB-E3C1-4589-BD70-034B9C414FF0}.Debug|ARM64.ActiveCfg = Debug|Any CPU
		{FE3192CB-E3C1-4589-BD70-034B9C414FF0}.Debug|ARM64.Build.0 = Debug|Any CPU
		{FE3192CB-E3C1-4589-BD70-034B9C414FF0}.Debug|iOS.ActiveCfg = Debug|Any CPU
		{FE3192CB-E3C1-4589-BD70-034B9C414FF0}.Debug|iOS.Build.0 = Debug|Any CPU
		{FE3192CB-E3C1-4589-BD70-034B9C414FF0}.Debug|Windows-ARM.ActiveCfg = Debug|Any CPU
		{FE3192CB-E3C1-4589-BD70-034B9C414FF0}.Debug|Windows-ARM.Build.0 = Debug|Any CPU
		{FE3192CB-E3C1-4589-BD70-034B9C414FF0}.Debug|Windows-x64.ActiveCfg = Debug|Any CPU
		{FE3192CB-E3C1-4589-BD70-034B9C414FF0}.Debug|Windows-x64.Build.0 = Debug|Any CPU
		{FE3192CB-E3C1-4589-BD70-034B9C414FF0}.Debug|Windows-x86.ActiveCfg = Debug|Any CPU
		{FE3192CB-E3C1-4589-BD70-034B9C414FF0}.Debug|Windows-x86.Build.0 = Debug|Any CPU
		{FE3192CB-E3C1-4589-BD70-034B9C414FF0}.Debug|x64.ActiveCfg = Debug|Any CPU
		{FE3192CB-E3C1-4589-BD70-034B9C414FF0}.Debug|x64.Build.0 = Debug|Any CPU
		{FE3192CB-E3C1-4589-BD70-034B9C414FF0}.Debug|x86.ActiveCfg = Debug|Any CPU
		{FE3192CB-E3C1-4589-BD70-034B9C414FF0}.Debug|x86.Build.0 = Debug|Any CPU
		{FE3192CB-E3C1-4589-BD70-034B9C414FF0}.Release|Android.ActiveCfg = Release|Any CPU
		{FE3192CB-E3C1-4589-BD70-034B9C414FF0}.Release|Android.Build.0 = Release|Any CPU
		{FE3192CB-E3C1-4589-BD70-034B9C414FF0}.Release|Any CPU.ActiveCfg = Debug|Any CPU
		{FE3192CB-E3C1-4589-BD70-034B9C414FF0}.Release|Any CPU.Build.0 = Debug|Any CPU
		{FE3192CB-E3C1-4589-BD70-034B9C414FF0}.Release|ARM.ActiveCfg = Release|Any CPU
		{FE3192CB-E3C1-4589-BD70-034B9C414FF0}.Release|ARM.Build.0 = Release|Any CPU
		{FE3192CB-E3C1-4589-BD70-034B9C414FF0}.Release|ARM64.ActiveCfg = Release|Any CPU
		{FE3192CB-E3C1-4589-BD70-034B9C414FF0}.Release|ARM64.Build.0 = Release|Any CPU
		{FE3192CB-E3C1-4589-BD70-034B9C414FF0}.Release|iOS.ActiveCfg = Release|Any CPU
		{FE3192CB-E3C1-4589-BD70-034B9C414FF0}.Release|iOS.Build.0 = Release|Any CPU
		{FE3192CB-E3C1-4589-BD70-034B9C414FF0}.Release|Windows-ARM.ActiveCfg = Release|Any CPU
		{FE3192CB-E3C1-4589-BD70-034B9C414FF0}.Release|Windows-ARM.Build.0 = Release|Any CPU
		{FE3192CB-E3C1-4589-BD70-034B9C414FF0}.Release|Windows-x64.ActiveCfg = Release|Any CPU
		{FE3192CB-E3C1-4589-BD70-034B9C414FF0}.Release|Windows-x64.Build.0 = Release|Any CPU
		{FE3192CB-E3C1-4589-BD70-034B9C414FF0}.Release|Windows-x86.ActiveCfg = Release|Any CPU
		{FE3192CB-E3C1-4589-BD70-034B9C414FF0}.Release|Windows-x86.Build.0 = Release|Any CPU
		{FE3192CB-E3C1-4589-BD70-034B9C414FF0}.Release|x64.ActiveCfg = Release|Any CPU
		{FE3192CB-E3C1-4589-BD70-034B9C414FF0}.Release|x64.Build.0 = Release|Any CPU
		{FE3192CB-E3C1-4589-BD70-034B9C414FF0}.Release|x86.ActiveCfg = Release|Any CPU
		{FE3192CB-E3C1-4589-BD70-034B9C414FF0}.Release|x86.Build.0 = Release|Any CPU
		{66A59C4B-A50C-49A2-982E-FC0EE9F371E6}.Debug|Android.ActiveCfg = Debug|Any CPU
		{66A59C4B-A50C-49A2-982E-FC0EE9F371E6}.Debug|Android.Build.0 = Debug|Any CPU
		{66A59C4B-A50C-49A2-982E-FC0EE9F371E6}.Debug|Any CPU.ActiveCfg = Debug|Any CPU
		{66A59C4B-A50C-49A2-982E-FC0EE9F371E6}.Debug|Any CPU.Build.0 = Debug|Any CPU
		{66A59C4B-A50C-49A2-982E-FC0EE9F371E6}.Debug|ARM.ActiveCfg = Debug|Any CPU
		{66A59C4B-A50C-49A2-982E-FC0EE9F371E6}.Debug|ARM.Build.0 = Debug|Any CPU
		{66A59C4B-A50C-49A2-982E-FC0EE9F371E6}.Debug|ARM64.ActiveCfg = Debug|Any CPU
		{66A59C4B-A50C-49A2-982E-FC0EE9F371E6}.Debug|ARM64.Build.0 = Debug|Any CPU
		{66A59C4B-A50C-49A2-982E-FC0EE9F371E6}.Debug|iOS.ActiveCfg = Debug|Any CPU
		{66A59C4B-A50C-49A2-982E-FC0EE9F371E6}.Debug|iOS.Build.0 = Debug|Any CPU
		{66A59C4B-A50C-49A2-982E-FC0EE9F371E6}.Debug|Windows-ARM.ActiveCfg = Debug|Any CPU
		{66A59C4B-A50C-49A2-982E-FC0EE9F371E6}.Debug|Windows-ARM.Build.0 = Debug|Any CPU
		{66A59C4B-A50C-49A2-982E-FC0EE9F371E6}.Debug|Windows-x64.ActiveCfg = Debug|Any CPU
		{66A59C4B-A50C-49A2-982E-FC0EE9F371E6}.Debug|Windows-x64.Build.0 = Debug|Any CPU
		{66A59C4B-A50C-49A2-982E-FC0EE9F371E6}.Debug|Windows-x86.ActiveCfg = Debug|Any CPU
		{66A59C4B-A50C-49A2-982E-FC0EE9F371E6}.Debug|Windows-x86.Build.0 = Debug|Any CPU
		{66A59C4B-A50C-49A2-982E-FC0EE9F371E6}.Debug|x64.ActiveCfg = Debug|Any CPU
		{66A59C4B-A50C-49A2-982E-FC0EE9F371E6}.Debug|x64.Build.0 = Debug|Any CPU
		{66A59C4B-A50C-49A2-982E-FC0EE9F371E6}.Debug|x86.ActiveCfg = Debug|Any CPU
		{66A59C4B-A50C-49A2-982E-FC0EE9F371E6}.Debug|x86.Build.0 = Debug|Any CPU
		{66A59C4B-A50C-49A2-982E-FC0EE9F371E6}.Release|Android.ActiveCfg = Release|Any CPU
		{66A59C4B-A50C-49A2-982E-FC0EE9F371E6}.Release|Android.Build.0 = Release|Any CPU
		{66A59C4B-A50C-49A2-982E-FC0EE9F371E6}.Release|Any CPU.ActiveCfg = Debug|Any CPU
		{66A59C4B-A50C-49A2-982E-FC0EE9F371E6}.Release|Any CPU.Build.0 = Debug|Any CPU
		{66A59C4B-A50C-49A2-982E-FC0EE9F371E6}.Release|ARM.ActiveCfg = Release|Any CPU
		{66A59C4B-A50C-49A2-982E-FC0EE9F371E6}.Release|ARM.Build.0 = Release|Any CPU
		{66A59C4B-A50C-49A2-982E-FC0EE9F371E6}.Release|ARM64.ActiveCfg = Release|Any CPU
		{66A59C4B-A50C-49A2-982E-FC0EE9F371E6}.Release|ARM64.Build.0 = Release|Any CPU
		{66A59C4B-A50C-49A2-982E-FC0EE9F371E6}.Release|iOS.ActiveCfg = Release|Any CPU
		{66A59C4B-A50C-49A2-982E-FC0EE9F371E6}.Release|iOS.Build.0 = Release|Any CPU
		{66A59C4B-A50C-49A2-982E-FC0EE9F371E6}.Release|Windows-ARM.ActiveCfg = Release|Any CPU
		{66A59C4B-A50C-49A2-982E-FC0EE9F371E6}.Release|Windows-ARM.Build.0 = Release|Any CPU
		{66A59C4B-A50C-49A2-982E-FC0EE9F371E6}.Release|Windows-x64.ActiveCfg = Release|Any CPU
		{66A59C4B-A50C-49A2-982E-FC0EE9F371E6}.Release|Windows-x64.Build.0 = Release|Any CPU
		{66A59C4B-A50C-49A2-982E-FC0EE9F371E6}.Release|Windows-x86.ActiveCfg = Release|Any CPU
		{66A59C4B-A50C-49A2-982E-FC0EE9F371E6}.Release|Windows-x86.Build.0 = Release|Any CPU
		{66A59C4B-A50C-49A2-982E-FC0EE9F371E6}.Release|x64.ActiveCfg = Release|Any CPU
		{66A59C4B-A50C-49A2-982E-FC0EE9F371E6}.Release|x64.Build.0 = Release|Any CPU
		{66A59C4B-A50C-49A2-982E-FC0EE9F371E6}.Release|x86.ActiveCfg = Release|Any CPU
		{66A59C4B-A50C-49A2-982E-FC0EE9F371E6}.Release|x86.Build.0 = Release|Any CPU
		{DBEBEE55-EFA6-4186-84E3-204DDF6F5BD4}.Debug|Android.ActiveCfg = Debug|Any CPU
		{DBEBEE55-EFA6-4186-84E3-204DDF6F5BD4}.Debug|Android.Build.0 = Debug|Any CPU
		{DBEBEE55-EFA6-4186-84E3-204DDF6F5BD4}.Debug|Any CPU.ActiveCfg = Debug|Any CPU
		{DBEBEE55-EFA6-4186-84E3-204DDF6F5BD4}.Debug|Any CPU.Build.0 = Debug|Any CPU
		{DBEBEE55-EFA6-4186-84E3-204DDF6F5BD4}.Debug|ARM.ActiveCfg = Debug|Any CPU
		{DBEBEE55-EFA6-4186-84E3-204DDF6F5BD4}.Debug|ARM.Build.0 = Debug|Any CPU
		{DBEBEE55-EFA6-4186-84E3-204DDF6F5BD4}.Debug|ARM64.ActiveCfg = Debug|Any CPU
		{DBEBEE55-EFA6-4186-84E3-204DDF6F5BD4}.Debug|ARM64.Build.0 = Debug|Any CPU
		{DBEBEE55-EFA6-4186-84E3-204DDF6F5BD4}.Debug|iOS.ActiveCfg = Debug|Any CPU
		{DBEBEE55-EFA6-4186-84E3-204DDF6F5BD4}.Debug|iOS.Build.0 = Debug|Any CPU
		{DBEBEE55-EFA6-4186-84E3-204DDF6F5BD4}.Debug|Windows-ARM.ActiveCfg = Debug|Any CPU
		{DBEBEE55-EFA6-4186-84E3-204DDF6F5BD4}.Debug|Windows-ARM.Build.0 = Debug|Any CPU
		{DBEBEE55-EFA6-4186-84E3-204DDF6F5BD4}.Debug|Windows-x64.ActiveCfg = Debug|Any CPU
		{DBEBEE55-EFA6-4186-84E3-204DDF6F5BD4}.Debug|Windows-x64.Build.0 = Debug|Any CPU
		{DBEBEE55-EFA6-4186-84E3-204DDF6F5BD4}.Debug|Windows-x86.ActiveCfg = Debug|Any CPU
		{DBEBEE55-EFA6-4186-84E3-204DDF6F5BD4}.Debug|Windows-x86.Build.0 = Debug|Any CPU
		{DBEBEE55-EFA6-4186-84E3-204DDF6F5BD4}.Debug|x64.ActiveCfg = Debug|Any CPU
		{DBEBEE55-EFA6-4186-84E3-204DDF6F5BD4}.Debug|x64.Build.0 = Debug|Any CPU
		{DBEBEE55-EFA6-4186-84E3-204DDF6F5BD4}.Debug|x86.ActiveCfg = Debug|Any CPU
		{DBEBEE55-EFA6-4186-84E3-204DDF6F5BD4}.Debug|x86.Build.0 = Debug|Any CPU
		{DBEBEE55-EFA6-4186-84E3-204DDF6F5BD4}.Release|Android.ActiveCfg = Release|Any CPU
		{DBEBEE55-EFA6-4186-84E3-204DDF6F5BD4}.Release|Android.Build.0 = Release|Any CPU
		{DBEBEE55-EFA6-4186-84E3-204DDF6F5BD4}.Release|Any CPU.ActiveCfg = Debug|Any CPU
		{DBEBEE55-EFA6-4186-84E3-204DDF6F5BD4}.Release|Any CPU.Build.0 = Debug|Any CPU
		{DBEBEE55-EFA6-4186-84E3-204DDF6F5BD4}.Release|ARM.ActiveCfg = Release|Any CPU
		{DBEBEE55-EFA6-4186-84E3-204DDF6F5BD4}.Release|ARM.Build.0 = Release|Any CPU
		{DBEBEE55-EFA6-4186-84E3-204DDF6F5BD4}.Release|ARM64.ActiveCfg = Release|Any CPU
		{DBEBEE55-EFA6-4186-84E3-204DDF6F5BD4}.Release|ARM64.Build.0 = Release|Any CPU
		{DBEBEE55-EFA6-4186-84E3-204DDF6F5BD4}.Release|iOS.ActiveCfg = Release|Any CPU
		{DBEBEE55-EFA6-4186-84E3-204DDF6F5BD4}.Release|iOS.Build.0 = Release|Any CPU
		{DBEBEE55-EFA6-4186-84E3-204DDF6F5BD4}.Release|Windows-ARM.ActiveCfg = Release|Any CPU
		{DBEBEE55-EFA6-4186-84E3-204DDF6F5BD4}.Release|Windows-ARM.Build.0 = Release|Any CPU
		{DBEBEE55-EFA6-4186-84E3-204DDF6F5BD4}.Release|Windows-x64.ActiveCfg = Release|Any CPU
		{DBEBEE55-EFA6-4186-84E3-204DDF6F5BD4}.Release|Windows-x64.Build.0 = Release|Any CPU
		{DBEBEE55-EFA6-4186-84E3-204DDF6F5BD4}.Release|Windows-x86.ActiveCfg = Release|Any CPU
		{DBEBEE55-EFA6-4186-84E3-204DDF6F5BD4}.Release|Windows-x86.Build.0 = Release|Any CPU
		{DBEBEE55-EFA6-4186-84E3-204DDF6F5BD4}.Release|x64.ActiveCfg = Release|Any CPU
		{DBEBEE55-EFA6-4186-84E3-204DDF6F5BD4}.Release|x64.Build.0 = Release|Any CPU
		{DBEBEE55-EFA6-4186-84E3-204DDF6F5BD4}.Release|x86.ActiveCfg = Release|Any CPU
		{DBEBEE55-EFA6-4186-84E3-204DDF6F5BD4}.Release|x86.Build.0 = Release|Any CPU
		{892100E4-75DF-469D-AF56-CB861232A6A9}.Debug|Android.ActiveCfg = Debug|Any CPU
		{892100E4-75DF-469D-AF56-CB861232A6A9}.Debug|Android.Build.0 = Debug|Any CPU
		{892100E4-75DF-469D-AF56-CB861232A6A9}.Debug|Any CPU.ActiveCfg = Debug|Any CPU
		{892100E4-75DF-469D-AF56-CB861232A6A9}.Debug|Any CPU.Build.0 = Debug|Any CPU
		{892100E4-75DF-469D-AF56-CB861232A6A9}.Debug|ARM.ActiveCfg = Debug|Any CPU
		{892100E4-75DF-469D-AF56-CB861232A6A9}.Debug|ARM.Build.0 = Debug|Any CPU
		{892100E4-75DF-469D-AF56-CB861232A6A9}.Debug|ARM64.ActiveCfg = Debug|Any CPU
		{892100E4-75DF-469D-AF56-CB861232A6A9}.Debug|ARM64.Build.0 = Debug|Any CPU
		{892100E4-75DF-469D-AF56-CB861232A6A9}.Debug|iOS.ActiveCfg = Debug|Any CPU
		{892100E4-75DF-469D-AF56-CB861232A6A9}.Debug|iOS.Build.0 = Debug|Any CPU
		{892100E4-75DF-469D-AF56-CB861232A6A9}.Debug|Windows-ARM.ActiveCfg = Debug|Any CPU
		{892100E4-75DF-469D-AF56-CB861232A6A9}.Debug|Windows-ARM.Build.0 = Debug|Any CPU
		{892100E4-75DF-469D-AF56-CB861232A6A9}.Debug|Windows-x64.ActiveCfg = Debug|Any CPU
		{892100E4-75DF-469D-AF56-CB861232A6A9}.Debug|Windows-x64.Build.0 = Debug|Any CPU
		{892100E4-75DF-469D-AF56-CB861232A6A9}.Debug|Windows-x86.ActiveCfg = Debug|Any CPU
		{892100E4-75DF-469D-AF56-CB861232A6A9}.Debug|Windows-x86.Build.0 = Debug|Any CPU
		{892100E4-75DF-469D-AF56-CB861232A6A9}.Debug|x64.ActiveCfg = Debug|Any CPU
		{892100E4-75DF-469D-AF56-CB861232A6A9}.Debug|x64.Build.0 = Debug|Any CPU
		{892100E4-75DF-469D-AF56-CB861232A6A9}.Debug|x86.ActiveCfg = Debug|Any CPU
		{892100E4-75DF-469D-AF56-CB861232A6A9}.Debug|x86.Build.0 = Debug|Any CPU
		{892100E4-75DF-469D-AF56-CB861232A6A9}.Release|Android.ActiveCfg = Release|Any CPU
		{892100E4-75DF-469D-AF56-CB861232A6A9}.Release|Android.Build.0 = Release|Any CPU
		{892100E4-75DF-469D-AF56-CB861232A6A9}.Release|Any CPU.ActiveCfg = Debug|Any CPU
		{892100E4-75DF-469D-AF56-CB861232A6A9}.Release|Any CPU.Build.0 = Debug|Any CPU
		{892100E4-75DF-469D-AF56-CB861232A6A9}.Release|ARM.ActiveCfg = Release|Any CPU
		{892100E4-75DF-469D-AF56-CB861232A6A9}.Release|ARM.Build.0 = Release|Any CPU
		{892100E4-75DF-469D-AF56-CB861232A6A9}.Release|ARM64.ActiveCfg = Release|Any CPU
		{892100E4-75DF-469D-AF56-CB861232A6A9}.Release|ARM64.Build.0 = Release|Any CPU
		{892100E4-75DF-469D-AF56-CB861232A6A9}.Release|iOS.ActiveCfg = Release|Any CPU
		{892100E4-75DF-469D-AF56-CB861232A6A9}.Release|iOS.Build.0 = Release|Any CPU
		{892100E4-75DF-469D-AF56-CB861232A6A9}.Release|Windows-ARM.ActiveCfg = Release|Any CPU
		{892100E4-75DF-469D-AF56-CB861232A6A9}.Release|Windows-ARM.Build.0 = Release|Any CPU
		{892100E4-75DF-469D-AF56-CB861232A6A9}.Release|Windows-x64.ActiveCfg = Release|Any CPU
		{892100E4-75DF-469D-AF56-CB861232A6A9}.Release|Windows-x64.Build.0 = Release|Any CPU
		{892100E4-75DF-469D-AF56-CB861232A6A9}.Release|Windows-x86.ActiveCfg = Release|Any CPU
		{892100E4-75DF-469D-AF56-CB861232A6A9}.Release|Windows-x86.Build.0 = Release|Any CPU
		{892100E4-75DF-469D-AF56-CB861232A6A9}.Release|x64.ActiveCfg = Release|Any CPU
		{892100E4-75DF-469D-AF56-CB861232A6A9}.Release|x64.Build.0 = Release|Any CPU
		{892100E4-75DF-469D-AF56-CB861232A6A9}.Release|x86.ActiveCfg = Release|Any CPU
		{892100E4-75DF-469D-AF56-CB861232A6A9}.Release|x86.Build.0 = Release|Any CPU
		{01594C15-B011-41D7-B839-42B4B6817FF8}.Debug|Android.ActiveCfg = Debug|Android
		{01594C15-B011-41D7-B839-42B4B6817FF8}.Debug|Android.Build.0 = Debug|Android
		{01594C15-B011-41D7-B839-42B4B6817FF8}.Debug|Android.Deploy.0 = Debug|Android
		{01594C15-B011-41D7-B839-42B4B6817FF8}.Debug|Any CPU.ActiveCfg = Debug|Android
		{01594C15-B011-41D7-B839-42B4B6817FF8}.Debug|ARM.ActiveCfg = Debug|Windows-ARM
		{01594C15-B011-41D7-B839-42B4B6817FF8}.Debug|ARM64.ActiveCfg = Debug|Android
		{01594C15-B011-41D7-B839-42B4B6817FF8}.Debug|iOS.ActiveCfg = Debug|iOS
		{01594C15-B011-41D7-B839-42B4B6817FF8}.Debug|iOS.Build.0 = Debug|iOS
		{01594C15-B011-41D7-B839-42B4B6817FF8}.Debug|iOS.Deploy.0 = Debug|iOS
		{01594C15-B011-41D7-B839-42B4B6817FF8}.Debug|Windows-ARM.ActiveCfg = Debug|Windows-ARM
		{01594C15-B011-41D7-B839-42B4B6817FF8}.Debug|Windows-ARM.Build.0 = Debug|Windows-ARM
		{01594C15-B011-41D7-B839-42B4B6817FF8}.Debug|Windows-ARM.Deploy.0 = Debug|Windows-ARM
		{01594C15-B011-41D7-B839-42B4B6817FF8}.Debug|Windows-x64.ActiveCfg = Debug|Windows-x64
		{01594C15-B011-41D7-B839-42B4B6817FF8}.Debug|Windows-x64.Build.0 = Debug|Windows-x64
		{01594C15-B011-41D7-B839-42B4B6817FF8}.Debug|Windows-x64.Deploy.0 = Debug|Windows-x64
		{01594C15-B011-41D7-B839-42B4B6817FF8}.Debug|Windows-x86.ActiveCfg = Debug|Windows-x86
		{01594C15-B011-41D7-B839-42B4B6817FF8}.Debug|Windows-x86.Build.0 = Debug|Windows-x86
		{01594C15-B011-41D7-B839-42B4B6817FF8}.Debug|Windows-x86.Deploy.0 = Debug|Windows-x86
		{01594C15-B011-41D7-B839-42B4B6817FF8}.Debug|x64.ActiveCfg = Debug|Windows-x64
		{01594C15-B011-41D7-B839-42B4B6817FF8}.Debug|x86.ActiveCfg = Debug|Windows-x86
		{01594C15-B011-41D7-B839-42B4B6817FF8}.Release|Android.ActiveCfg = Release|Android
		{01594C15-B011-41D7-B839-42B4B6817FF8}.Release|Android.Build.0 = Release|Android
		{01594C15-B011-41D7-B839-42B4B6817FF8}.Release|Android.Deploy.0 = Release|Android
		{01594C15-B011-41D7-B839-42B4B6817FF8}.Release|Any CPU.ActiveCfg = Debug|Android
		{01594C15-B011-41D7-B839-42B4B6817FF8}.Release|ARM.ActiveCfg = Release|Windows-ARM
		{01594C15-B011-41D7-B839-42B4B6817FF8}.Release|ARM64.ActiveCfg = Release|Android
		{01594C15-B011-41D7-B839-42B4B6817FF8}.Release|iOS.ActiveCfg = Release|iOS
		{01594C15-B011-41D7-B839-42B4B6817FF8}.Release|iOS.Build.0 = Release|iOS
		{01594C15-B011-41D7-B839-42B4B6817FF8}.Release|iOS.Deploy.0 = Release|iOS
		{01594C15-B011-41D7-B839-42B4B6817FF8}.Release|Windows-ARM.ActiveCfg = Release|Windows-ARM
		{01594C15-B011-41D7-B839-42B4B6817FF8}.Release|Windows-ARM.Build.0 = Release|Windows-ARM
		{01594C15-B011-41D7-B839-42B4B6817FF8}.Release|Windows-ARM.Deploy.0 = Release|Windows-ARM
		{01594C15-B011-41D7-B839-42B4B6817FF8}.Release|Windows-x64.ActiveCfg = Release|Windows-x64
		{01594C15-B011-41D7-B839-42B4B6817FF8}.Release|Windows-x64.Build.0 = Release|Windows-x64
		{01594C15-B011-41D7-B839-42B4B6817FF8}.Release|Windows-x64.Deploy.0 = Release|Windows-x64
		{01594C15-B011-41D7-B839-42B4B6817FF8}.Release|Windows-x86.ActiveCfg = Release|Windows-x86
		{01594C15-B011-41D7-B839-42B4B6817FF8}.Release|Windows-x86.Build.0 = Release|Windows-x86
		{01594C15-B011-41D7-B839-42B4B6817FF8}.Release|Windows-x86.Deploy.0 = Release|Windows-x86
		{01594C15-B011-41D7-B839-42B4B6817FF8}.Release|x64.ActiveCfg = Release|Windows-x64
		{01594C15-B011-41D7-B839-42B4B6817FF8}.Release|x86.ActiveCfg = Release|Windows-x86
		{B68B4BA1-2A1D-41CA-906D-14B258FC467A}.Debug|Android.ActiveCfg = Debug|Any CPU
		{B68B4BA1-2A1D-41CA-906D-14B258FC467A}.Debug|Android.Build.0 = Debug|Any CPU
		{B68B4BA1-2A1D-41CA-906D-14B258FC467A}.Debug|Any CPU.ActiveCfg = Debug|Any CPU
		{B68B4BA1-2A1D-41CA-906D-14B258FC467A}.Debug|Any CPU.Build.0 = Debug|Any CPU
		{B68B4BA1-2A1D-41CA-906D-14B258FC467A}.Debug|ARM.ActiveCfg = Debug|Any CPU
		{B68B4BA1-2A1D-41CA-906D-14B258FC467A}.Debug|ARM.Build.0 = Debug|Any CPU
		{B68B4BA1-2A1D-41CA-906D-14B258FC467A}.Debug|ARM64.ActiveCfg = Debug|Any CPU
		{B68B4BA1-2A1D-41CA-906D-14B258FC467A}.Debug|ARM64.Build.0 = Debug|Any CPU
		{B68B4BA1-2A1D-41CA-906D-14B258FC467A}.Debug|iOS.ActiveCfg = Debug|Any CPU
		{B68B4BA1-2A1D-41CA-906D-14B258FC467A}.Debug|iOS.Build.0 = Debug|Any CPU
		{B68B4BA1-2A1D-41CA-906D-14B258FC467A}.Debug|Windows-ARM.ActiveCfg = Debug|Any CPU
		{B68B4BA1-2A1D-41CA-906D-14B258FC467A}.Debug|Windows-ARM.Build.0 = Debug|Any CPU
		{B68B4BA1-2A1D-41CA-906D-14B258FC467A}.Debug|Windows-x64.ActiveCfg = Debug|Any CPU
		{B68B4BA1-2A1D-41CA-906D-14B258FC467A}.Debug|Windows-x64.Build.0 = Debug|Any CPU
		{B68B4BA1-2A1D-41CA-906D-14B258FC467A}.Debug|Windows-x86.ActiveCfg = Debug|Any CPU
		{B68B4BA1-2A1D-41CA-906D-14B258FC467A}.Debug|Windows-x86.Build.0 = Debug|Any CPU
		{B68B4BA1-2A1D-41CA-906D-14B258FC467A}.Debug|x64.ActiveCfg = Debug|Any CPU
		{B68B4BA1-2A1D-41CA-906D-14B258FC467A}.Debug|x64.Build.0 = Debug|Any CPU
		{B68B4BA1-2A1D-41CA-906D-14B258FC467A}.Debug|x86.ActiveCfg = Debug|Any CPU
		{B68B4BA1-2A1D-41CA-906D-14B258FC467A}.Debug|x86.Build.0 = Debug|Any CPU
		{B68B4BA1-2A1D-41CA-906D-14B258FC467A}.Release|Android.ActiveCfg = Release|Any CPU
		{B68B4BA1-2A1D-41CA-906D-14B258FC467A}.Release|Android.Build.0 = Release|Any CPU
		{B68B4BA1-2A1D-41CA-906D-14B258FC467A}.Release|Any CPU.ActiveCfg = Release|Any CPU
		{B68B4BA1-2A1D-41CA-906D-14B258FC467A}.Release|Any CPU.Build.0 = Release|Any CPU
		{B68B4BA1-2A1D-41CA-906D-14B258FC467A}.Release|ARM.ActiveCfg = Release|Any CPU
		{B68B4BA1-2A1D-41CA-906D-14B258FC467A}.Release|ARM.Build.0 = Release|Any CPU
		{B68B4BA1-2A1D-41CA-906D-14B258FC467A}.Release|ARM64.ActiveCfg = Release|Any CPU
		{B68B4BA1-2A1D-41CA-906D-14B258FC467A}.Release|ARM64.Build.0 = Release|Any CPU
		{B68B4BA1-2A1D-41CA-906D-14B258FC467A}.Release|iOS.ActiveCfg = Release|Any CPU
		{B68B4BA1-2A1D-41CA-906D-14B258FC467A}.Release|iOS.Build.0 = Release|Any CPU
		{B68B4BA1-2A1D-41CA-906D-14B258FC467A}.Release|Windows-ARM.ActiveCfg = Release|Any CPU
		{B68B4BA1-2A1D-41CA-906D-14B258FC467A}.Release|Windows-ARM.Build.0 = Release|Any CPU
		{B68B4BA1-2A1D-41CA-906D-14B258FC467A}.Release|Windows-x64.ActiveCfg = Release|Any CPU
		{B68B4BA1-2A1D-41CA-906D-14B258FC467A}.Release|Windows-x64.Build.0 = Release|Any CPU
		{B68B4BA1-2A1D-41CA-906D-14B258FC467A}.Release|Windows-x86.ActiveCfg = Release|Any CPU
		{B68B4BA1-2A1D-41CA-906D-14B258FC467A}.Release|Windows-x86.Build.0 = Release|Any CPU
		{B68B4BA1-2A1D-41CA-906D-14B258FC467A}.Release|x64.ActiveCfg = Release|Any CPU
		{B68B4BA1-2A1D-41CA-906D-14B258FC467A}.Release|x64.Build.0 = Release|Any CPU
		{B68B4BA1-2A1D-41CA-906D-14B258FC467A}.Release|x86.ActiveCfg = Release|Any CPU
		{B68B4BA1-2A1D-41CA-906D-14B258FC467A}.Release|x86.Build.0 = Release|Any CPU
		{391B8C8A-B6A2-4DB8-8E0A-F4FE9C249E0D}.Debug|Android.ActiveCfg = Debug|Any CPU
		{391B8C8A-B6A2-4DB8-8E0A-F4FE9C249E0D}.Debug|Android.Build.0 = Debug|Any CPU
		{391B8C8A-B6A2-4DB8-8E0A-F4FE9C249E0D}.Debug|Any CPU.ActiveCfg = Debug|Any CPU
		{391B8C8A-B6A2-4DB8-8E0A-F4FE9C249E0D}.Debug|Any CPU.Build.0 = Debug|Any CPU
		{391B8C8A-B6A2-4DB8-8E0A-F4FE9C249E0D}.Debug|ARM.ActiveCfg = Debug|Any CPU
		{391B8C8A-B6A2-4DB8-8E0A-F4FE9C249E0D}.Debug|ARM.Build.0 = Debug|Any CPU
		{391B8C8A-B6A2-4DB8-8E0A-F4FE9C249E0D}.Debug|ARM64.ActiveCfg = Debug|Any CPU
		{391B8C8A-B6A2-4DB8-8E0A-F4FE9C249E0D}.Debug|ARM64.Build.0 = Debug|Any CPU
		{391B8C8A-B6A2-4DB8-8E0A-F4FE9C249E0D}.Debug|iOS.ActiveCfg = Debug|Any CPU
		{391B8C8A-B6A2-4DB8-8E0A-F4FE9C249E0D}.Debug|iOS.Build.0 = Debug|Any CPU
		{391B8C8A-B6A2-4DB8-8E0A-F4FE9C249E0D}.Debug|Windows-ARM.ActiveCfg = Debug|Any CPU
		{391B8C8A-B6A2-4DB8-8E0A-F4FE9C249E0D}.Debug|Windows-ARM.Build.0 = Debug|Any CPU
		{391B8C8A-B6A2-4DB8-8E0A-F4FE9C249E0D}.Debug|Windows-x64.ActiveCfg = Debug|Any CPU
		{391B8C8A-B6A2-4DB8-8E0A-F4FE9C249E0D}.Debug|Windows-x64.Build.0 = Debug|Any CPU
		{391B8C8A-B6A2-4DB8-8E0A-F4FE9C249E0D}.Debug|Windows-x86.ActiveCfg = Debug|Any CPU
		{391B8C8A-B6A2-4DB8-8E0A-F4FE9C249E0D}.Debug|Windows-x86.Build.0 = Debug|Any CPU
		{391B8C8A-B6A2-4DB8-8E0A-F4FE9C249E0D}.Debug|x64.ActiveCfg = Debug|Any CPU
		{391B8C8A-B6A2-4DB8-8E0A-F4FE9C249E0D}.Debug|x64.Build.0 = Debug|Any CPU
		{391B8C8A-B6A2-4DB8-8E0A-F4FE9C249E0D}.Debug|x86.ActiveCfg = Debug|Any CPU
		{391B8C8A-B6A2-4DB8-8E0A-F4FE9C249E0D}.Debug|x86.Build.0 = Debug|Any CPU
		{391B8C8A-B6A2-4DB8-8E0A-F4FE9C249E0D}.Release|Android.ActiveCfg = Release|Any CPU
		{391B8C8A-B6A2-4DB8-8E0A-F4FE9C249E0D}.Release|Android.Build.0 = Release|Any CPU
		{391B8C8A-B6A2-4DB8-8E0A-F4FE9C249E0D}.Release|Any CPU.ActiveCfg = Release|Any CPU
		{391B8C8A-B6A2-4DB8-8E0A-F4FE9C249E0D}.Release|Any CPU.Build.0 = Release|Any CPU
		{391B8C8A-B6A2-4DB8-8E0A-F4FE9C249E0D}.Release|ARM.ActiveCfg = Release|Any CPU
		{391B8C8A-B6A2-4DB8-8E0A-F4FE9C249E0D}.Release|ARM.Build.0 = Release|Any CPU
		{391B8C8A-B6A2-4DB8-8E0A-F4FE9C249E0D}.Release|ARM64.ActiveCfg = Release|Any CPU
		{391B8C8A-B6A2-4DB8-8E0A-F4FE9C249E0D}.Release|ARM64.Build.0 = Release|Any CPU
		{391B8C8A-B6A2-4DB8-8E0A-F4FE9C249E0D}.Release|iOS.ActiveCfg = Release|Any CPU
		{391B8C8A-B6A2-4DB8-8E0A-F4FE9C249E0D}.Release|iOS.Build.0 = Release|Any CPU
		{391B8C8A-B6A2-4DB8-8E0A-F4FE9C249E0D}.Release|Windows-ARM.ActiveCfg = Release|Any CPU
		{391B8C8A-B6A2-4DB8-8E0A-F4FE9C249E0D}.Release|Windows-ARM.Build.0 = Release|Any CPU
		{391B8C8A-B6A2-4DB8-8E0A-F4FE9C249E0D}.Release|Windows-x64.ActiveCfg = Release|Any CPU
		{391B8C8A-B6A2-4DB8-8E0A-F4FE9C249E0D}.Release|Windows-x64.Build.0 = Release|Any CPU
		{391B8C8A-B6A2-4DB8-8E0A-F4FE9C249E0D}.Release|Windows-x86.ActiveCfg = Release|Any CPU
		{391B8C8A-B6A2-4DB8-8E0A-F4FE9C249E0D}.Release|Windows-x86.Build.0 = Release|Any CPU
		{391B8C8A-B6A2-4DB8-8E0A-F4FE9C249E0D}.Release|x64.ActiveCfg = Release|Any CPU
		{391B8C8A-B6A2-4DB8-8E0A-F4FE9C249E0D}.Release|x64.Build.0 = Release|Any CPU
		{391B8C8A-B6A2-4DB8-8E0A-F4FE9C249E0D}.Release|x86.ActiveCfg = Release|Any CPU
		{391B8C8A-B6A2-4DB8-8E0A-F4FE9C249E0D}.Release|x86.Build.0 = Release|Any CPU
	EndGlobalSection
	GlobalSection(SolutionProperties) = preSolution
		HideSolutionNode = FALSE
	EndGlobalSection
	GlobalSection(NestedProjects) = preSolution
		{66A59C4B-A50C-49A2-982E-FC0EE9F371E6} = {82454653-83E7-4496-86E0-86984BC81D0D}
		{DBEBEE55-EFA6-4186-84E3-204DDF6F5BD4} = {094088E1-D726-4B56-BE5D-841F890001C6}
		{01594C15-B011-41D7-B839-42B4B6817FF8} = {E6CF4BCC-9847-4AD8-BAA8-2CE18FE83E8C}
		{B68B4BA1-2A1D-41CA-906D-14B258FC467A} = {78D18ACB-84D4-40B6-B658-EF10BD68AB80}
		{391B8C8A-B6A2-4DB8-8E0A-F4FE9C249E0D} = {78D18ACB-84D4-40B6-B658-EF10BD68AB80}
	EndGlobalSection
	GlobalSection(ExtensibilityGlobals) = postSolution
		SolutionGuid = {4D6DC05F-4589-4ADE-B720-49D9E1E84165}
	EndGlobalSection
	GlobalSection(Performance) = preSolution
		HasPerformanceSessions = true
	EndGlobalSection
	GlobalSection(Performance) = preSolution
		HasPerformanceSessions = true
	EndGlobalSection
EndGlobal
